{
  "name": "gxy-utils",
  "version": "1.0.0",
  "lockfileVersion": 2,
  "requires": true,
  "packages": {
    "": {
      "version": "1.0.0",
      "license": "ISC",
      "devDependencies": {
        "@types/node": "^18.7.13",
        "@types/prettier": "^2.7.0",
        "prettier": "^2.7.1",
        "simple-git-hooks": "^2.8.0"
      }
    },
    "node_modules/@types/node": {
      "version": "18.7.13",
      "resolved": "https://registry.npmmirror.com/@types/node/-/node-18.7.13.tgz",
      "integrity": "sha512-46yIhxSe5xEaJZXWdIBP7GU4HDTG8/eo0qd9atdiL+lFpA03y8KS+lkTN834TWJj5767GbWv4n/P6efyTFt1Dw==",
      "dev": true
    },
    "node_modules/@types/prettier": {
      "version": "2.7.0",
      "resolved": "https://registry.npmmirror.com/@types/prettier/-/prettier-2.7.0.tgz",
      "integrity": "sha512-RI1L7N4JnW5gQw2spvL7Sllfuf1SaHdrZpCHiBlCXjIlufi1SMNnbu2teze3/QE67Fg2tBlH7W+mi4hVNk4p0A==",
      "dev": true
    },
    "node_modules/prettier": {
      "version": "2.7.1",
      "resolved": "https://registry.npmmirror.com/prettier/-/prettier-2.7.1.tgz",
      "integrity": "sha512-ujppO+MkdPqoVINuDFDRLClm7D78qbDt0/NR+wp5FqEZOoTNAjPHWj17QRhu7geIHJfcNhRk1XVQmF8Bp3ye+g==",
      "dev": true,
      "bin": {
        "prettier": "bin-prettier.js"
      },
      "engines": {
        "node": ">=10.13.0"
      }
    },
    "node_modules/simple-git-hooks": {
      "version": "2.8.0",
      "resolved": "https://registry.npmmirror.com/simple-git-hooks/-/simple-git-hooks-2.8.0.tgz",
      "integrity": "sha512-ocmZQORwa6x9mxg+gVIAp5o4wXiWOHGXyrDBA0+UxGKIEKOyFtL4LWNKkP/2ornQPdlnlDGDteVeYP5FjhIoWA==",
      "dev": true,
      "hasInstallScript": true,
      "bin": {
        "simple-git-hooks": "cli.js"
      }
    }
  },
  "dependencies": {
    "@types/node": {
      "version": "18.7.13",
      "resolved": "https://registry.npmmirror.com/@types/node/-/node-18.7.13.tgz",
      "integrity": "sha512-46yIhxSe5xEaJZXWdIBP7GU4HDTG8/eo0qd9atdiL+lFpA03y8KS+lkTN834TWJj5767GbWv4n/P6efyTFt1Dw==",
      "dev": true
    },
    "@types/prettier": {
      "version": "2.7.0",
      "resolved": "https://registry.npmmirror.com/@types/prettier/-/prettier-2.7.0.tgz",
      "integrity": "sha512-RI1L7N4JnW5gQw2spvL7Sllfuf1SaHdrZpCHiBlCXjIlufi1SMNnbu2teze3/QE67Fg2tBlH7W+mi4hVNk4p0A==",
      "dev": true
    },
    "prettier": {
      "version": "2.7.1",
      "resolved": "https://registry.npmmirror.com/prettier/-/prettier-2.7.1.tgz",
      "integrity": "sha512-ujppO+MkdPqoVINuDFDRLClm7D78qbDt0/NR+wp5FqEZOoTNAjPHWj17QRhu7geIHJfcNhRk1XVQmF8Bp3ye+g==",
      "dev": true
    },
    "simple-git-hooks": {
      "version": "2.8.0",
      "resolved": "https://registry.npmmirror.com/simple-git-hooks/-/simple-git-hooks-2.8.0.tgz",
      "integrity": "sha512-ocmZQORwa6x9mxg+gVIAp5o4wXiWOHGXyrDBA0+UxGKIEKOyFtL4LWNKkP/2ornQPdlnlDGDteVeYP5FjhIoWA==",
      "dev": true
    }
  }
}
